// !$*UTF8*$!
{
	archiveVersion = 1;
	classes = {
	};
	objectVersion = 56;
	objects = {

/* Begin PBXBuildFile section */
		BD5E636A2A670CE7009B9EDE /* AboutView.swift in Sources */ = {isa = PBXBuildFile; fileRef = BD5E63692A670CE7009B9EDE /* AboutView.swift */; };
		BD7F87212A6862E300BB59D6 /* MapView.swift in Sources */ = {isa = PBXBuildFile; fileRef = BD7F87202A6862E300BB59D6 /* MapView.swift */; };
		BDC30DEA2A65F19900BBE0DB /* sustainaBiteApp.swift in Sources */ = {isa = PBXBuildFile; fileRef = BDC30DE92A65F19900BBE0DB /* sustainaBiteApp.swift */; };
		BDC30DEC2A65F19900BBE0DB /* WelcomeView.swift in Sources */ = {isa = PBXBuildFile; fileRef = BDC30DEB2A65F19900BBE0DB /* WelcomeView.swift */; };
		BDC30DEE2A65F19A00BBE0DB /* Assets.xcassets in Resources */ = {isa = PBXBuildFile; fileRef = BDC30DED2A65F19A00BBE0DB /* Assets.xcassets */; };
		BDC30DF12A65F19A00BBE0DB /* Preview Assets.xcassets in Resources */ = {isa = PBXBuildFile; fileRef = BDC30DF02A65F19A00BBE0DB /* Preview Assets.xcassets */; };
		BDC30DFA2A66F58E00BBE0DB /* FoodView.swift in Sources */ = {isa = PBXBuildFile; fileRef = BDC30DF92A66F58E00BBE0DB /* FoodView.swift */; };
		BDC30DFC2A66F59E00BBE0DB /* Welcome.storyboard in Resources */ = {isa = PBXBuildFile; fileRef = BDC30DFB2A66F59E00BBE0DB /* Welcome.storyboard */; };
/* End PBXBuildFile section */

/* Begin PBXFileReference section */
		BD5E63542A67020A009B9EDE /* Info.plist */ = {isa = PBXFileReference; lastKnownFileType = text.plist; path = Info.plist; sourceTree = "<group>"; };
		BD5E63562A670330009B9EDE /* Poppins-ExtraLight.ttf */ = {isa = PBXFileReference; lastKnownFileType = file; path = "Poppins-ExtraLight.ttf"; sourceTree = "<group>"; };
		BD5E63572A670330009B9EDE /* Poppins-ThinItalic.ttf */ = {isa = PBXFileReference; lastKnownFileType = file; path = "Poppins-ThinItalic.ttf"; sourceTree = "<group>"; };
		BD5E63582A670330009B9EDE /* Poppins-ExtraLightItalic.ttf */ = {isa = PBXFileReference; lastKnownFileType = file; path = "Poppins-ExtraLightItalic.ttf"; sourceTree = "<group>"; };
		BD5E63592A670330009B9EDE /* Poppins-BoldItalic.ttf */ = {isa = PBXFileReference; lastKnownFileType = file; path = "Poppins-BoldItalic.ttf"; sourceTree = "<group>"; };
		BD5E635A2A670330009B9EDE /* Poppins-Light.ttf */ = {isa = PBXFileReference; lastKnownFileType = file; path = "Poppins-Light.ttf"; sourceTree = "<group>"; };
		BD5E635B2A670330009B9EDE /* Poppins-Medium.ttf */ = {isa = PBXFileReference; lastKnownFileType = file; path = "Poppins-Medium.ttf"; sourceTree = "<group>"; };
		BD5E635C2A670330009B9EDE /* Poppins-SemiBoldItalic.ttf */ = {isa = PBXFileReference; lastKnownFileType = file; path = "Poppins-SemiBoldItalic.ttf"; sourceTree = "<group>"; };
		BD5E635D2A670330009B9EDE /* Poppins-ExtraBoldItalic.ttf */ = {isa = PBXFileReference; lastKnownFileType = file; path = "Poppins-ExtraBoldItalic.ttf"; sourceTree = "<group>"; };
		BD5E635E2A670330009B9EDE /* Poppins-ExtraBold.ttf */ = {isa = PBXFileReference; lastKnownFileType = file; path = "Poppins-ExtraBold.ttf"; sourceTree = "<group>"; };
		BD5E635F2A670330009B9EDE /* Poppins-BlackItalic.ttf */ = {isa = PBXFileReference; lastKnownFileType = file; path = "Poppins-BlackItalic.ttf"; sourceTree = "<group>"; };
		BD5E63602A670330009B9EDE /* OFL.txt */ = {isa = PBXFileReference; lastKnownFileType = text; path = OFL.txt; sourceTree = "<group>"; };
		BD5E63612A670330009B9EDE /* Poppins-Regular.ttf */ = {isa = PBXFileReference; lastKnownFileType = file; path = "Poppins-Regular.ttf"; sourceTree = "<group>"; };
		BD5E63622A670330009B9EDE /* Poppins-LightItalic.ttf */ = {isa = PBXFileReference; lastKnownFileType = file; path = "Poppins-LightItalic.ttf"; sourceTree = "<group>"; };
		BD5E63632A670330009B9EDE /* Poppins-Bold.ttf */ = {isa = PBXFileReference; lastKnownFileType = file; path = "Poppins-Bold.ttf"; sourceTree = "<group>"; };
		BD5E63642A670330009B9EDE /* Poppins-Black.ttf */ = {isa = PBXFileReference; lastKnownFileType = file; path = "Poppins-Black.ttf"; sourceTree = "<group>"; };
		BD5E63652A670330009B9EDE /* Poppins-Thin.ttf */ = {isa = PBXFileReference; lastKnownFileType = file; path = "Poppins-Thin.ttf"; sourceTree = "<group>"; };
		BD5E63662A670330009B9EDE /* Poppins-SemiBold.ttf */ = {isa = PBXFileReference; lastKnownFileType = file; path = "Poppins-SemiBold.ttf"; sourceTree = "<group>"; };
		BD5E63672A670330009B9EDE /* Poppins-Italic.ttf */ = {isa = PBXFileReference; lastKnownFileType = file; path = "Poppins-Italic.ttf"; sourceTree = "<group>"; };
		BD5E63682A670330009B9EDE /* Poppins-MediumItalic.ttf */ = {isa = PBXFileReference; lastKnownFileType = file; path = "Poppins-MediumItalic.ttf"; sourceTree = "<group>"; };
		BD5E63692A670CE7009B9EDE /* AboutView.swift */ = {isa = PBXFileReference; lastKnownFileType = sourcecode.swift; path = AboutView.swift; sourceTree = "<group>"; };
		BD7F87202A6862E300BB59D6 /* MapView.swift */ = {isa = PBXFileReference; lastKnownFileType = sourcecode.swift; path = MapView.swift; sourceTree = "<group>"; };
		BDC30DE62A65F19900BBE0DB /* sustainaBite.app */ = {isa = PBXFileReference; explicitFileType = wrapper.application; includeInIndex = 0; path = sustainaBite.app; sourceTree = BUILT_PRODUCTS_DIR; };
		BDC30DE92A65F19900BBE0DB /* sustainaBiteApp.swift */ = {isa = PBXFileReference; lastKnownFileType = sourcecode.swift; path = sustainaBiteApp.swift; sourceTree = "<group>"; };
		BDC30DEB2A65F19900BBE0DB /* WelcomeView.swift */ = {isa = PBXFileReference; lastKnownFileType = sourcecode.swift; path = WelcomeView.swift; sourceTree = "<group>"; };
		BDC30DED2A65F19A00BBE0DB /* Assets.xcassets */ = {isa = PBXFileReference; lastKnownFileType = folder.assetcatalog; path = Assets.xcassets; sourceTree = "<group>"; };
		BDC30DF02A65F19A00BBE0DB /* Preview Assets.xcassets */ = {isa = PBXFileReference; lastKnownFileType = folder.assetcatalog; path = "Preview Assets.xcassets"; sourceTree = "<group>"; };
		BDC30DF92A66F58E00BBE0DB /* FoodView.swift */ = {isa = PBXFileReference; lastKnownFileType = sourcecode.swift; path = FoodView.swift; sourceTree = "<group>"; };
		BDC30DFB2A66F59E00BBE0DB /* Welcome.storyboard */ = {isa = PBXFileReference; lastKnownFileType = file.storyboard; path = Welcome.storyboard; sourceTree = "<group>"; };
/* End PBXFileReference section */

/* Begin PBXFrameworksBuildPhase section */
		BDC30DE32A65F19900BBE0DB /* Frameworks */ = {
			isa = PBXFrameworksBuildPhase;
			buildActionMask = 2147483647;
			files = (
			);
			runOnlyForDeploymentPostprocessing = 0;
		};
/* End PBXFrameworksBuildPhase section */

/* Begin PBXGroup section */
		BD5E63552A670330009B9EDE /* Poppins */ = {
			isa = PBXGroup;
			children = (
				BD5E63562A670330009B9EDE /* Poppins-ExtraLight.ttf */,
				BD5E63572A670330009B9EDE /* Poppins-ThinItalic.ttf */,
				BD5E63582A670330009B9EDE /* Poppins-ExtraLightItalic.ttf */,
				BD5E63592A670330009B9EDE /* Poppins-BoldItalic.ttf */,
				BD5E635A2A670330009B9EDE /* Poppins-Light.ttf */,
				BD5E635B2A670330009B9EDE /* Poppins-Medium.ttf */,
				BD5E635C2A670330009B9EDE /* Poppins-SemiBoldItalic.ttf */,
				BD5E635D2A670330009B9EDE /* Poppins-ExtraBoldItalic.ttf */,
				BD5E635E2A670330009B9EDE /* Poppins-ExtraBold.ttf */,
				BD5E635F2A670330009B9EDE /* Poppins-BlackItalic.ttf */,
				BD5E63602A670330009B9EDE /* OFL.txt */,
				BD5E63612A670330009B9EDE /* Poppins-Regular.ttf */,
				BD5E63622A670330009B9EDE /* Poppins-LightItalic.ttf */,
				BD5E63632A670330009B9EDE /* Poppins-Bold.ttf */,
				BD5E63642A670330009B9EDE /* Poppins-Black.ttf */,
				BD5E63652A670330009B9EDE /* Poppins-Thin.ttf */,
				BD5E63662A670330009B9EDE /* Poppins-SemiBold.ttf */,
				BD5E63672A670330009B9EDE /* Poppins-Italic.ttf */,
				BD5E63682A670330009B9EDE /* Poppins-MediumItalic.ttf */,
			);
			path = Poppins;
			sourceTree = "<group>";
		};
		BDC30DDD2A65F19900BBE0DB = {
			isa = PBXGroup;
			children = (
				BD5E63552A670330009B9EDE /* Poppins */,
				BDC30DE82A65F19900BBE0DB /* sustainaBite */,
				BDC30DE72A65F19900BBE0DB /* Products */,
			);
			sourceTree = "<group>";
		};
		BDC30DE72A65F19900BBE0DB /* Products */ = {
			isa = PBXGroup;
			children = (
				BDC30DE62A65F19900BBE0DB /* sustainaBite.app */,
			);
			name = Products;
			sourceTree = "<group>";
		};
		BDC30DE82A65F19900BBE0DB /* sustainaBite */ = {
			isa = PBXGroup;
			children = (
				BD5E63542A67020A009B9EDE /* Info.plist */,
				BDC30DE92A65F19900BBE0DB /* sustainaBiteApp.swift */,
				BDC30DEB2A65F19900BBE0DB /* WelcomeView.swift */,
				BD5E63692A670CE7009B9EDE /* AboutView.swift */,
				BD7F87202A6862E300BB59D6 /* MapView.swift */,
				BDC30DFB2A66F59E00BBE0DB /* Welcome.storyboard */,
				BDC30DF92A66F58E00BBE0DB /* FoodView.swift */,
				BDC30DED2A65F19A00BBE0DB /* Assets.xcassets */,
				BDC30DEF2A65F19A00BBE0DB /* Preview Content */,
			);
			path = sustainaBite;
			sourceTree = "<group>";
		};
		BDC30DEF2A65F19A00BBE0DB /* Preview Content */ = {
			isa = PBXGroup;
			children = (
				BDC30DF02A65F19A00BBE0DB /* Preview Assets.xcassets */,
			);
			path = "Preview Content";
			sourceTree = "<group>";
		};
/* End PBXGroup section */

/* Begin PBXNativeTarget section */
		BDC30DE52A65F19900BBE0DB /* sustainaBite */ = {
			isa = PBXNativeTarget;
			buildConfigurationList = BDC30DF42A65F19A00BBE0DB /* Build configuration list for PBXNativeTarget "sustainaBite" */;
			buildPhases = (
				BDC30DE22A65F19900BBE0DB /* Sources */,
				BDC30DE32A65F19900BBE0DB /* Frameworks */,
				BDC30DE42A65F19900BBE0DB /* Resources */,
			);
			buildRules = (
			);
			dependencies = (
			);
			name = sustainaBite;
			productName = sustainaBite;
			productReference = BDC30DE62A65F19900BBE0DB /* sustainaBite.app */;
			productType = "com.apple.product-type.application";
		};
/* End PBXNativeTarget section */

/* Begin PBXProject section */
		BDC30DDE2A65F19900BBE0DB /* Project object */ = {
			isa = PBXProject;
			attributes = {
				BuildIndependentTargetsInParallel = 1;
				LastSwiftUpdateCheck = 1430;
				LastUpgradeCheck = 1430;
				TargetAttributes = {
					BDC30DE52A65F19900BBE0DB = {
						CreatedOnToolsVersion = 14.3.1;
					};
				};
			};
			buildConfigurationList = BDC30DE12A65F19900BBE0DB /* Build configuration list for PBXProject "sustainaBite" */;
			compatibilityVersion = "Xcode 14.0";
			developmentRegion = en;
			hasScannedForEncodings = 0;
			knownRegions = (
				en,
				Base,
			);
			mainGroup = BDC30DDD2A65F19900BBE0DB;
			productRefGroup = BDC30DE72A65F19900BBE0DB /* Products */;
			projectDirPath = "";
			projectRoot = "";
			targets = (
				BDC30DE52A65F19900BBE0DB /* sustainaBite */,
			);
		};
/* End PBXProject section */

/* Begin PBXResourcesBuildPhase section */
		BDC30DE42A65F19900BBE0DB /* Resources */ = {
			isa = PBXResourcesBuildPhase;
			buildActionMask = 2147483647;
			files = (
				BDC30DF12A65F19A00BBE0DB /* Preview Assets.xcassets in Resources */,
				BDC30DEE2A65F19A00BBE0DB /* Assets.xcassets in Resources */,
				BDC30DFC2A66F59E00BBE0DB /* Welcome.storyboard in Resources */,
			);
			runOnlyForDeploymentPostprocessing = 0;
		};
/* End PBXResourcesBuildPhase section */

/* Begin PBXSourcesBuildPhase section */
		BDC30DE22A65F19900BBE0DB /* Sources */ = {
			isa = PBXSourcesBuildPhase;
			buildActionMask = 2147483647;
			files = (
				BD5E636A2A670CE7009B9EDE /* AboutView.swift in Sources */,
				BD7F87212A6862E300BB59D6 /* MapView.swift in Sources */,
				BDC30DFA2A66F58E00BBE0DB /* FoodView.swift in Sources */,
				BDC30DEC2A65F19900BBE0DB /* WelcomeView.swift in Sources */,
				BDC30DEA2A65F19900BBE0DB /* sustainaBiteApp.swift in Sources */,
			);
			runOnlyForDeploymentPostprocessing = 0;
		};
/* End PBXSourcesBuildPhase section */

/* Begin XCBuildConfiguration section */
		BDC30DF22A65F19A00BBE0DB /* Debug */ = {
			isa = XCBuildConfiguration;
			buildSettings = {
				ALWAYS_SEARCH_USER_PATHS = NO;
				CLANG_ANALYZER_NONNULL = YES;
				CLANG_ANALYZER_NUMBER_OBJECT_CONVERSION = YES_AGGRESSIVE;
				CLANG_CXX_LANGUAGE_STANDARD = "gnu++20";
				CLANG_ENABLE_MODULES = YES;
				CLANG_ENABLE_OBJC_ARC = YES;
				CLANG_ENABLE_OBJC_WEAK = YES;
				CLANG_WARN_BLOCK_CAPTURE_AUTORELEASING = YES;
				CLANG_WARN_BOOL_CONVERSION = YES;
				CLANG_WARN_COMMA = YES;
				CLANG_WARN_CONSTANT_CONVERSION = YES;
				CLANG_WARN_DEPRECATED_OBJC_IMPLEMENTATIONS = YES;
				CLANG_WARN_DIRECT_OBJC_ISA_USAGE = YES_ERROR;
				CLANG_WARN_DOCUMENTATION_COMMENTS = YES;
				CLANG_WARN_EMPTY_BODY = YES;
				CLANG_WARN_ENUM_CONVERSION = YES;
				CLANG_WARN_INFINITE_RECURSION = YES;
				CLANG_WARN_INT_CONVERSION = YES;
				CLANG_WARN_NON_LITERAL_NULL_CONVERSION = YES;
				CLANG_WARN_OBJC_IMPLICIT_RETAIN_SELF = YES;
				CLANG_WARN_OBJC_LITERAL_CONVERSION = YES;
				CLANG_WARN_OBJC_ROOT_CLASS = YES_ERROR;
				CLANG_WARN_QUOTED_INCLUDE_IN_FRAMEWORK_HEADER = YES;
				CLANG_WARN_RANGE_LOOP_ANALYSIS = YES;
				CLANG_WARN_STRICT_PROTOTYPES = YES;
				CLANG_WARN_SUSPICIOUS_MOVE = YES;
				CLANG_WARN_UNGUARDED_AVAILABILITY = YES_AGGRESSIVE;
				CLANG_WARN_UNREACHABLE_CODE = YES;
				CLANG_WARN__DUPLICATE_METHOD_MATCH = YES;
				COPY_PHASE_STRIP = NO;
				DEBUG_INFORMATION_FORMAT = dwarf;
				ENABLE_STRICT_OBJC_MSGSEND = YES;
				ENABLE_TESTABILITY = YES;
				GCC_C_LANGUAGE_STANDARD = gnu11;
				GCC_DYNAMIC_NO_PIC = NO;
				GCC_NO_COMMON_BLOCKS = YES;
				GCC_OPTIMIZATION_LEVEL = 0;
				GCC_PREPROCESSOR_DEFINITIONS = (
					"DEBUG=1",
					"$(inherited)",
				);
				GCC_WARN_64_TO_32_BIT_CONVERSION = YES;
				GCC_WARN_ABOUT_RETURN_TYPE = YES_ERROR;
				GCC_WARN_UNDECLARED_SELECTOR = YES;
				GCC_WARN_UNINITIALIZED_AUTOS = YES_AGGRESSIVE;
				GCC_WARN_UNUSED_FUNCTION = YES;
				GCC_WARN_UNUSED_VARIABLE = YES;
				IPHONEOS_DEPLOYMENT_TARGET = 16.4;
				MTL_ENABLE_DEBUG_INFO = INCLUDE_SOURCE;
				MTL_FAST_MATH = YES;
				ONLY_ACTIVE_ARCH = YES;
				SDKROOT = iphoneos;
				SWIFT_ACTIVE_COMPILATION_CONDITIONS = DEBUG;
				SWIFT_OPTIMIZATION_LEVEL = "-Onone";
			};
			name = Debug;
		};
		BDC30DF32A65F19A00BBE0DB /* Release */ = {
			isa = XCBuildConfiguration;
			buildSettings = {
				ALWAYS_SEARCH_USER_PATHS = NO;
				CLANG_ANALYZER_NONNULL = YES;
				CLANG_ANALYZER_NUMBER_OBJECT_CONVERSION = YES_AGGRESSIVE;
				CLANG_CXX_LANGUAGE_STANDARD = "gnu++20";
				CLANG_ENABLE_MODULES = YES;
				CLANG_ENABLE_OBJC_ARC = YES;
				CLANG_ENABLE_OBJC_WEAK = YES;
				CLANG_WARN_BLOCK_CAPTURE_AUTORELEASING = YES;
				CLANG_WARN_BOOL_CONVERSION = YES;
				CLANG_WARN_COMMA = YES;
				CLANG_WARN_CONSTANT_CONVERSION = YES;
				CLANG_WARN_DEPRECATED_OBJC_IMPLEMENTATIONS = YES;
				CLANG_WARN_DIRECT_OBJC_ISA_USAGE = YES_ERROR;
				CLANG_WARN_DOCUMENTATION_COMMENTS = YES;
				CLANG_WARN_EMPTY_BODY = YES;
				CLANG_WARN_ENUM_CONVERSION = YES;
				CLANG_WARN_INFINITE_RECURSION = YES;
				CLANG_WARN_INT_CONVERSION = YES;
				CLANG_WARN_NON_LITERAL_NULL_CONVERSION = YES;
				CLANG_WARN_OBJC_IMPLICIT_RETAIN_SELF = YES;
				CLANG_WARN_OBJC_LITERAL_CONVERSION = YES;
				CLANG_WARN_OBJC_ROOT_CLASS = YES_ERROR;
				CLANG_WARN_QUOTED_INCLUDE_IN_FRAMEWORK_HEADER = YES;
				CLANG_WARN_RANGE_LOOP_ANALYSIS = YES;
				CLANG_WARN_STRICT_PROTOTYPES = YES;
				CLANG_WARN_SUSPICIOUS_MOVE = YES;
				CLANG_WARN_UNGUARDED_AVAILABILITY = YES_AGGRESSIVE;
				CLANG_WARN_UNREACHABLE_CODE = YES;
				CLANG_WARN__DUPLICATE_METHOD_MATCH = YES;
				COPY_PHASE_STRIP = NO;
				DEBUG_INFORMATION_FORMAT = "dwarf-with-dsym";
				ENABLE_NS_ASSERTIONS = NO;
				ENABLE_STRICT_OBJC_MSGSEND = YES;
				GCC_C_LANGUAGE_STANDARD = gnu11;
				GCC_NO_COMMON_BLOCKS = YES;
				GCC_WARN_64_TO_32_BIT_CONVERSION = YES;
				GCC_WARN_ABOUT_RETURN_TYPE = YES_ERROR;
				GCC_WARN_UNDECLARED_SELECTOR = YES;
				GCC_WARN_UNINITIALIZED_AUTOS = YES_AGGRESSIVE;
				GCC_WARN_UNUSED_FUNCTION = YES;
				GCC_WARN_UNUSED_VARIABLE = YES;
				IPHONEOS_DEPLOYMENT_TARGET = 16.4;
				MTL_ENABLE_DEBUG_INFO = NO;
				MTL_FAST_MATH = YES;
				SDKROOT = iphoneos;
				SWIFT_COMPILATION_MODE = wholemodule;
				SWIFT_OPTIMIZATION_LEVEL = "-O";
				VALIDATE_PRODUCT = YES;
			};
			name = Release;
		};
		BDC30DF52A65F19A00BBE0DB /* Debug */ = {
			isa = XCBuildConfiguration;
			buildSettings = {
				ASSETCATALOG_COMPILER_APPICON_NAME = AppIcon;
				ASSETCATALOG_COMPILER_GLOBAL_ACCENT_COLOR_NAME = AccentColor;
				CODE_SIGN_STYLE = Automatic;
				CURRENT_PROJECT_VERSION = 1;
				DEVELOPMENT_ASSET_PATHS = "\"sustainaBite/Preview Content\"";
				ENABLE_PREVIEWS = YES;
				GENERATE_INFOPLIST_FILE = YES;
				INFOPLIST_FILE = sustainaBite/Info.plist;
				INFOPLIST_KEY_UIApplicationSceneManifest_Generation = YES;
				INFOPLIST_KEY_UIApplicationSupportsIndirectInputEvents = YES;
				INFOPLIST_KEY_UILaunchScreen_Generation = YES;
				INFOPLIST_KEY_UISupportedInterfaceOrientations_iPad = "UIInterfaceOrientationPortrait UIInterfaceOrientationPortraitUpsideDown UIInterfaceOrientationLandscapeLeft UIInterfaceOrientationLandscapeRight";
				INFOPLIST_KEY_UISupportedInterfaceOrientations_iPhone = "UIInterfaceOrientationPortrait UIInterfaceOrientationLandscapeLeft UIInterfaceOrientationLandscapeRight";
				LD_RUNPATH_SEARCH_PATHS = (
					"$(inherited)",
					"@executable_path/Frameworks",
				);
				MARKETING_VERSION = 1.0;
				PRODUCT_BUNDLE_IDENTIFIER = KWK.sustainaBite;
				PRODUCT_NAME = "$(TARGET_NAME)";
				SWIFT_EMIT_LOC_STRINGS = YES;
				SWIFT_VERSION = 5.0;
				TARGETED_DEVICE_FAMILY = "1,2";
			};
			name = Debug;
		};
		BDC30DF62A65F19A00BBE0DB /* Release */ = {
			isa = XCBuildConfiguration;
			buildSettings = {
				ASSETCATALOG_COMPILER_APPICON_NAME = AppIcon;
				ASSETCATALOG_COMPILER_GLOBAL_ACCENT_COLOR_NAME = AccentColor;
				CODE_SIGN_STYLE = Automatic;
				CURRENT_PROJECT_VERSION = 1;
				DEVELOPMENT_ASSET_PATHS = "\"sustainaBite/Preview Content\"";
				ENABLE_PREVIEWS = YES;
				GENERATE_INFOPLIST_FILE = YES;
				INFOPLIST_FILE = sustainaBite/Info.plist;
				INFOPLIST_KEY_UIApplicationSceneManifest_Generation = YES;
				INFOPLIST_KEY_UIApplicationSupportsIndirectInputEvents = YES;
				INFOPLIST_KEY_UILaunchScreen_Generation = YES;
				INFOPLIST_KEY_UISupportedInterfaceOrientations_iPad = "UIInterfaceOrientationPortrait UIInterfaceOrientationPortraitUpsideDown UIInterfaceOrientationLandscapeLeft UIInterfaceOrientationLandscapeRight";
				INFOPLIST_KEY_UISupportedInterfaceOrientations_iPhone = "UIInterfaceOrientationPortrait UIInterfaceOrientationLandscapeLeft UIInterfaceOrientationLandscapeRight";
				LD_RUNPATH_SEARCH_PATHS = (
					"$(inherited)",
					"@executable_path/Frameworks",
				);
				MARKETING_VERSION = 1.0;
				PRODUCT_BUNDLE_IDENTIFIER = KWK.sustainaBite;
				PRODUCT_NAME = "$(TARGET_NAME)";
				SWIFT_EMIT_LOC_STRINGS = YES;
				SWIFT_VERSION = 5.0;
				TARGETED_DEVICE_FAMILY = "1,2";
			};
			name = Release;
		};
/* End XCBuildConfiguration section */

/* Begin XCConfigurationList section */
		BDC30DE12A65F19900BBE0DB /* Build configuration list for PBXProject "sustainaBite" */ = {
			isa = XCConfigurationList;
			buildConfigurations = (
				BDC30DF22A65F19A00BBE0DB /* Debug */,
				BDC30DF32A65F19A00BBE0DB /* Release */,
			);
			defaultConfigurationIsVisible = 0;
			defaultConfigurationName = Release;
		};
		BDC30DF42A65F19A00BBE0DB /* Build configuration list for PBXNativeTarget "sustainaBite" */ = {
			isa = XCConfigurationList;
			buildConfigurations = (
				BDC30DF52A65F19A00BBE0DB /* Debug */,
				BDC30DF62A65F19A00BBE0DB /* Release */,
			);
			defaultConfigurationIsVisible = 0;
			defaultConfigurationName = Release;
		};
/* End XCConfigurationList section */
	};
	rootObject = BDC30DDE2A65F19900BBE0DB /* Project object */;
}
